
Microsoft Visual Studio Solution File, Format Version 12.00
# Visual Studio 14
VisualStudioVersion = 14.0.23107.0
MinimumVisualStudioVersion = 10.0.40219.1
Project("{FAE04EC0-301F-11D3-BF4B-00C04F79EFBC}") = "Buhta4", "Buhta4\Buhta4.csproj", "{2D316231-6A47-473A-B0D0-9D8C3DC1B8E3}"
EndProject
Project("{FAE04EC0-301F-11D3-BF4B-00C04F79EFBC}") = "BuhtaCore", "BuhtaCore\BuhtaCore.csproj", "{0857807A-9AF1-4F7E-B8D9-E4657F66A16A}"
EndProject
Global
	GlobalSection(SolutionConfigurationPlatforms) = preSolution
		Debug|Any CPU = Debug|Any CPU
		Release|Any CPU = Release|Any CPU
	EndGlobalSection
	GlobalSection(ProjectConfigurationPlatforms) = postSolution
		{2D316231-6A47-473A-B0D0-9D8C3DC1B8E3}.Debug|Any CPU.ActiveCfg = Debug|Any CPU
		{2D316231-6A47-473A-B0D0-9D8C3DC1B8E3}.Debug|Any CPU.Build.0 = Debug|Any CPU
		{2D316231-6A47-473A-B0D0-9D8C3DC1B8E3}.Release|Any CPU.ActiveCfg = Release|Any CPU
		{2D316231-6A47-473A-B0D0-9D8C3DC1B8E3}.Release|Any CPU.Build.0 = Release|Any CPU
		{0857807A-9AF1-4F7E-B8D9-E4657F66A16A}.Debug|Any CPU.ActiveCfg = Debug|Any CPU
		{0857807A-9AF1-4F7E-B8D9-E4657F66A16A}.Debug|Any CPU.Build.0 = Debug|Any CPU
		{0857807A-9AF1-4F7E-B8D9-E4657F66A16A}.Release|Any CPU.ActiveCfg = Release|Any CPU
		{0857807A-9AF1-4F7E-B8D9-E4657F66A16A}.Release|Any CPU.Build.0 = Release|Any CPU
	EndGlobalSection
	GlobalSection(SolutionProperties) = preSolution
		HideSolutionNode = FALSE
	EndGlobalSection
EndGlobal
